
Microsoft Visual Studio Solution File, Format Version 12.00
# Visual Studio Version 17
VisualStudioVersion = 17.3.32804.467
MinimumVisualStudioVersion = 10.0.40219.1
Project("{FAE04EC0-301F-11D3-BF4B-00C04F79EFBC}") = "Hotel.app", "Hotel.app\Hotel.app.csproj", "{13F2419C-F97F-4158-B985-C4901F0119F8}"
EndProject
Global
	GlobalSection(SolutionConfigurationPlatforms) = preSolution
		Debug|Any CPU = Debug|Any CPU
		Release|Any CPU = Release|Any CPU
	EndGlobalSection
	GlobalSection(ProjectConfigurationPlatforms) = postSolution
		{13F2419C-F97F-4158-B985-C4901F0119F8}.Debug|Any CPU.ActiveCfg = Debug|Any CPU
		{13F2419C-F97F-4158-B985-C4901F0119F8}.Debug|Any CPU.Build.0 = Debug|Any CPU
		{13F2419C-F97F-4158-B985-C4901F0119F8}.Release|Any CPU.ActiveCfg = Release|Any CPU
		{13F2419C-F97F-4158-B985-C4901F0119F8}.Release|Any CPU.Build.0 = Release|Any CPU
	EndGlobalSection
	GlobalSection(SolutionProperties) = preSolution
		HideSolutionNode = FALSE
	EndGlobalSection
	GlobalSection(ExtensibilityGlobals) = postSolution
		SolutionGuid = {C3FE0B4D-90D1-45B6-8439-17778B9CC98F}
	EndGlobalSection
EndGlobal
